
Microsoft Visual Studio Solution File, Format Version 12.00
# Visual Studio 15
Project("{FAE04EC0-301F-11D3-BF4B-00C04F79EFBC}") = "Assembly-CSharp", "Assembly-CSharp.csproj", "{0B3DE9E9-028F-4FFD-DDFE-DA3FF104EE82}"
EndProject
Project("{FAE04EC0-301F-11D3-BF4B-00C04F79EFBC}") = "Assembly-CSharp-Editor", "Assembly-CSharp-Editor.csproj", "{1F9ED99F-A0ED-3F02-089A-E32FCB8C794C}"
EndProject
Global
	GlobalSection(SolutionConfigurationPlatforms) = preSolution
		Debug|Any CPU = Debug|Any CPU
		Release|Any CPU = Release|Any CPU
	EndGlobalSection
	GlobalSection(ProjectConfigurationPlatforms) = postSolution
		{0B3DE9E9-028F-4FFD-DDFE-DA3FF104EE82}.Debug|Any CPU.ActiveCfg = Debug|Any CPU
		{0B3DE9E9-028F-4FFD-DDFE-DA3FF104EE82}.Debug|Any CPU.Build.0 = Debug|Any CPU
		{0B3DE9E9-028F-4FFD-DDFE-DA3FF104EE82}.Release|Any CPU.ActiveCfg = Release|Any CPU
		{0B3DE9E9-028F-4FFD-DDFE-DA3FF104EE82}.Release|Any CPU.Build.0 = Release|Any CPU
		{1F9ED99F-A0ED-3F02-089A-E32FCB8C794C}.Debug|Any CPU.ActiveCfg = Debug|Any CPU
		{1F9ED99F-A0ED-3F02-089A-E32FCB8C794C}.Debug|Any CPU.Build.0 = Debug|Any CPU
		{1F9ED99F-A0ED-3F02-089A-E32FCB8C794C}.Release|Any CPU.ActiveCfg = Release|Any CPU
		{1F9ED99F-A0ED-3F02-089A-E32FCB8C794C}.Release|Any CPU.Build.0 = Release|Any CPU
	EndGlobalSection
	GlobalSection(SolutionProperties) = preSolution
		HideSolutionNode = FALSE
	EndGlobalSection
EndGlobal
